
Microsoft Visual Studio Solution File, Format Version 12.00
# Visual Studio Version 17
VisualStudioVersion = 17.4.33103.184
MinimumVisualStudioVersion = 10.0.40219.1
Project("{9A19103F-16F7-4668-BE54-9A1E7A4F7556}") = "Uncertain", "Uncertain\Uncertain.csproj", "{F79BFBBB-5C74-4B3F-BB07-E8916DDEDF52}"
EndProject
Project("{2150E333-8FDC-42A3-9474-1A3956D46DE8}") = "Documentation", "Documentation", "{4E4228CB-8DFB-4A25-BE95-D593E52B0641}"
	ProjectSection(SolutionItems) = preProject
		CHANGELOG.md = CHANGELOG.md
		LICENSE.txt = LICENSE.txt
		README.txt = README.txt
	EndProjectSection
EndProject
Global
	GlobalSection(SolutionConfigurationPlatforms) = preSolution
		Debug|Any CPU = Debug|Any CPU
		Release|Any CPU = Release|Any CPU
	EndGlobalSection
	GlobalSection(ProjectConfigurationPlatforms) = postSolution
		{F79BFBBB-5C74-4B3F-BB07-E8916DDEDF52}.Debug|Any CPU.ActiveCfg = Debug|Any CPU
		{F79BFBBB-5C74-4B3F-BB07-E8916DDEDF52}.Debug|Any CPU.Build.0 = Debug|Any CPU
		{F79BFBBB-5C74-4B3F-BB07-E8916DDEDF52}.Release|Any CPU.ActiveCfg = Release|Any CPU
		{F79BFBBB-5C74-4B3F-BB07-E8916DDEDF52}.Release|Any CPU.Build.0 = Release|Any CPU
	EndGlobalSection
	GlobalSection(SolutionProperties) = preSolution
		HideSolutionNode = FALSE
	EndGlobalSection
	GlobalSection(ExtensibilityGlobals) = postSolution
		SolutionGuid = {CBCBF42B-50D3-4728-93DB-9C4F9344043C}
	EndGlobalSection
EndGlobal
